// !$*UTF8*$!
{
	archiveVersion = 1;
	classes = {
	};
	objectVersion = 56;
	objects = {

/* Begin PBXBuildFile section */
		4293F41C2ABAF59F0040955A /* Custom_Swipeto_deleteApp.swift in Sources */ = {isa = PBXBuildFile; fileRef = 4293F41B2ABAF59F0040955A /* Custom_Swipeto_deleteApp.swift */; };
		4293F41E2ABAF59F0040955A /* ContentView.swift in Sources */ = {isa = PBXBuildFile; fileRef = 4293F41D2ABAF59F0040955A /* ContentView.swift */; };
		4293F4202ABAF5A00040955A /* Assets.xcassets in Resources */ = {isa = PBXBuildFile; fileRef = 4293F41F2ABAF5A00040955A /* Assets.xcassets */; };
		4293F4232ABAF5A00040955A /* Preview Assets.xcassets in Resources */ = {isa = PBXBuildFile; fileRef = 4293F4222ABAF5A00040955A /* Preview Assets.xcassets */; };
		4293F42B2ABAF5C30040955A /* CartView.swift in Sources */ = {isa = PBXBuildFile; fileRef = 4293F42A2ABAF5C30040955A /* CartView.swift */; };
		4293F42E2ABAF7900040955A /* CartViewModel.swift in Sources */ = {isa = PBXBuildFile; fileRef = 4293F42D2ABAF7900040955A /* CartViewModel.swift */; };
		4293F4312ABAF7CA0040955A /* CardItem.swift in Sources */ = {isa = PBXBuildFile; fileRef = 4293F4302ABAF7CA0040955A /* CardItem.swift */; };
		4293F4332ABAFB460040955A /* ItemView.swift in Sources */ = {isa = PBXBuildFile; fileRef = 4293F4322ABAFB460040955A /* ItemView.swift */; };
/* End PBXBuildFile section */

/* Begin PBXFileReference section */
		4293F4182ABAF59F0040955A /* Custom_Swipeto_delete.app */ = {isa = PBXFileReference; explicitFileType = wrapper.application; includeInIndex = 0; path = Custom_Swipeto_delete.app; sourceTree = BUILT_PRODUCTS_DIR; };
		4293F41B2ABAF59F0040955A /* Custom_Swipeto_deleteApp.swift */ = {isa = PBXFileReference; lastKnownFileType = sourcecode.swift; path = Custom_Swipeto_deleteApp.swift; sourceTree = "<group>"; };
		4293F41D2ABAF59F0040955A /* ContentView.swift */ = {isa = PBXFileReference; lastKnownFileType = sourcecode.swift; path = ContentView.swift; sourceTree = "<group>"; };
		4293F41F2ABAF5A00040955A /* Assets.xcassets */ = {isa = PBXFileReference; lastKnownFileType = folder.assetcatalog; path = Assets.xcassets; sourceTree = "<group>"; };
		4293F4222ABAF5A00040955A /* Preview Assets.xcassets */ = {isa = PBXFileReference; lastKnownFileType = folder.assetcatalog; path = "Preview Assets.xcassets"; sourceTree = "<group>"; };
		4293F42A2ABAF5C30040955A /* CartView.swift */ = {isa = PBXFileReference; lastKnownFileType = sourcecode.swift; path = CartView.swift; sourceTree = "<group>"; };
		4293F42D2ABAF7900040955A /* CartViewModel.swift */ = {isa = PBXFileReference; lastKnownFileType = sourcecode.swift; path = CartViewModel.swift; sourceTree = "<group>"; };
		4293F4302ABAF7CA0040955A /* CardItem.swift */ = {isa = PBXFileReference; lastKnownFileType = sourcecode.swift; path = CardItem.swift; sourceTree = "<group>"; };
		4293F4322ABAFB460040955A /* ItemView.swift */ = {isa = PBXFileReference; lastKnownFileType = sourcecode.swift; path = ItemView.swift; sourceTree = "<group>"; };
/* End PBXFileReference section */

/* Begin PBXFrameworksBuildPhase section */
		4293F4152ABAF59F0040955A /* Frameworks */ = {
			isa = PBXFrameworksBuildPhase;
			buildActionMask = 2147483647;
			files = (
			);
			runOnlyForDeploymentPostprocessing = 0;
		};
/* End PBXFrameworksBuildPhase section */

/* Begin PBXGroup section */
		4293F40F2ABAF59F0040955A = {
			isa = PBXGroup;
			children = (
				4293F41A2ABAF59F0040955A /* Custom_Swipeto_delete */,
				4293F4192ABAF59F0040955A /* Products */,
			);
			sourceTree = "<group>";
		};
		4293F4192ABAF59F0040955A /* Products */ = {
			isa = PBXGroup;
			children = (
				4293F4182ABAF59F0040955A /* Custom_Swipeto_delete.app */,
			);
			name = Products;
			sourceTree = "<group>";
		};
		4293F41A2ABAF59F0040955A /* Custom_Swipeto_delete */ = {
			isa = PBXGroup;
			children = (
				4293F42F2ABAF7BA0040955A /* Model */,
				4293F42C2ABAF77E0040955A /* ViewModel */,
				4293F4292ABAF5B20040955A /* View */,
				4293F41B2ABAF59F0040955A /* Custom_Swipeto_deleteApp.swift */,
				4293F41D2ABAF59F0040955A /* ContentView.swift */,
				4293F41F2ABAF5A00040955A /* Assets.xcassets */,
				4293F4212ABAF5A00040955A /* Preview Content */,
			);
			path = Custom_Swipeto_delete;
			sourceTree = "<group>";
		};
		4293F4212ABAF5A00040955A /* Preview Content */ = {
			isa = PBXGroup;
			children = (
				4293F4222ABAF5A00040955A /* Preview Assets.xcassets */,
			);
			path = "Preview Content";
			sourceTree = "<group>";
		};
		4293F4292ABAF5B20040955A /* View */ = {
			isa = PBXGroup;
			children = (
				4293F42A2ABAF5C30040955A /* CartView.swift */,
				4293F4322ABAFB460040955A /* ItemView.swift */,
			);
			path = View;
			sourceTree = "<group>";
		};
		4293F42C2ABAF77E0040955A /* ViewModel */ = {
			isa = PBXGroup;
			children = (
				4293F42D2ABAF7900040955A /* CartViewModel.swift */,
			);
			path = ViewModel;
			sourceTree = "<group>";
		};
		4293F42F2ABAF7BA0040955A /* Model */ = {
			isa = PBXGroup;
			children = (
				4293F4302ABAF7CA0040955A /* CardItem.swift */,
			);
			path = Model;
			sourceTree = "<group>";
		};
/* End PBXGroup section */

/* Begin PBXNativeTarget section */
		4293F4172ABAF59F0040955A /* Custom_Swipeto_delete */ = {
			isa = PBXNativeTarget;
			buildConfigurationList = 4293F4262ABAF5A00040955A /* Build configuration list for PBXNativeTarget "Custom_Swipeto_delete" */;
			buildPhases = (
				4293F4142ABAF59F0040955A /* Sources */,
				4293F4152ABAF59F0040955A /* Frameworks */,
				4293F4162ABAF59F0040955A /* Resources */,
			);
			buildRules = (
			);
			dependencies = (
			);
			name = Custom_Swipeto_delete;
			productName = Custom_Swipeto_delete;
			productReference = 4293F4182ABAF59F0040955A /* Custom_Swipeto_delete.app */;
			productType = "com.apple.product-type.application";
		};
/* End PBXNativeTarget section */

/* Begin PBXProject section */
		4293F4102ABAF59F0040955A /* Project object */ = {
			isa = PBXProject;
			attributes = {
				BuildIndependentTargetsInParallel = 1;
				LastSwiftUpdateCheck = 1410;
				LastUpgradeCheck = 1410;
				TargetAttributes = {
					4293F4172ABAF59F0040955A = {
						CreatedOnToolsVersion = 14.1;
					};
				};
			};
			buildConfigurationList = 4293F4132ABAF59F0040955A /* Build configuration list for PBXProject "Custom_Swipeto_delete" */;
			compatibilityVersion = "Xcode 14.0";
			developmentRegion = en;
			hasScannedForEncodings = 0;
			knownRegions = (
				en,
				Base,
			);
			mainGroup = 4293F40F2ABAF59F0040955A;
			productRefGroup = 4293F4192ABAF59F0040955A /* Products */;
			projectDirPath = "";
			projectRoot = "";
			targets = (
				4293F4172ABAF59F0040955A /* Custom_Swipeto_delete */,
			);
		};
/* End PBXProject section */

/* Begin PBXResourcesBuildPhase section */
		4293F4162ABAF59F0040955A /* Resources */ = {
			isa = PBXResourcesBuildPhase;
			buildActionMask = 2147483647;
			files = (
				4293F4232ABAF5A00040955A /* Preview Assets.xcassets in Resources */,
				4293F4202ABAF5A00040955A /* Assets.xcassets in Resources */,
			);
			runOnlyForDeploymentPostprocessing = 0;
		};
/* End PBXResourcesBuildPhase section */

/* Begin PBXSourcesBuildPhase section */
		4293F4142ABAF59F0040955A /* Sources */ = {
			isa = PBXSourcesBuildPhase;
			buildActionMask = 2147483647;
			files = (
				4293F42E2ABAF7900040955A /* CartViewModel.swift in Sources */,
				4293F4332ABAFB460040955A /* ItemView.swift in Sources */,
				4293F42B2ABAF5C30040955A /* CartView.swift in Sources */,
				4293F4312ABAF7CA0040955A /* CardItem.swift in Sources */,
				4293F41E2ABAF59F0040955A /* ContentView.swift in Sources */,
				4293F41C2ABAF59F0040955A /* Custom_Swipeto_deleteApp.swift in Sources */,
			);
			runOnlyForDeploymentPostprocessing = 0;
		};
/* End PBXSourcesBuildPhase section */

/* Begin XCBuildConfiguration section */
		4293F4242ABAF5A00040955A /* Debug */ = {
			isa = XCBuildConfiguration;
			buildSettings = {
				ALWAYS_SEARCH_USER_PATHS = NO;
				CLANG_ANALYZER_NONNULL = YES;
				CLANG_ANALYZER_NUMBER_OBJECT_CONVERSION = YES_AGGRESSIVE;
				CLANG_CXX_LANGUAGE_STANDARD = "gnu++20";
				CLANG_ENABLE_MODULES = YES;
				CLANG_ENABLE_OBJC_ARC = YES;
				CLANG_ENABLE_OBJC_WEAK = YES;
				CLANG_WARN_BLOCK_CAPTURE_AUTORELEASING = YES;
				CLANG_WARN_BOOL_CONVERSION = YES;
				CLANG_WARN_COMMA = YES;
				CLANG_WARN_CONSTANT_CONVERSION = YES;
				CLANG_WARN_DEPRECATED_OBJC_IMPLEMENTATIONS = YES;
				CLANG_WARN_DIRECT_OBJC_ISA_USAGE = YES_ERROR;
				CLANG_WARN_DOCUMENTATION_COMMENTS = YES;
				CLANG_WARN_EMPTY_BODY = YES;
				CLANG_WARN_ENUM_CONVERSION = YES;
				CLANG_WARN_INFINITE_RECURSION = YES;
				CLANG_WARN_INT_CONVERSION = YES;
				CLANG_WARN_NON_LITERAL_NULL_CONVERSION = YES;
				CLANG_WARN_OBJC_IMPLICIT_RETAIN_SELF = YES;
				CLANG_WARN_OBJC_LITERAL_CONVERSION = YES;
				CLANG_WARN_OBJC_ROOT_CLASS = YES_ERROR;
				CLANG_WARN_QUOTED_INCLUDE_IN_FRAMEWORK_HEADER = YES;
				CLANG_WARN_RANGE_LOOP_ANALYSIS = YES;
				CLANG_WARN_STRICT_PROTOTYPES = YES;
				CLANG_WARN_SUSPICIOUS_MOVE = YES;
				CLANG_WARN_UNGUARDED_AVAILABILITY = YES_AGGRESSIVE;
				CLANG_WARN_UNREACHABLE_CODE = YES;
				CLANG_WARN__DUPLICATE_METHOD_MATCH = YES;
				COPY_PHASE_STRIP = NO;
				DEBUG_INFORMATION_FORMAT = dwarf;
				ENABLE_STRICT_OBJC_MSGSEND = YES;
				ENABLE_TESTABILITY = YES;
				GCC_C_LANGUAGE_STANDARD = gnu11;
				GCC_DYNAMIC_NO_PIC = NO;
				GCC_NO_COMMON_BLOCKS = YES;
				GCC_OPTIMIZATION_LEVEL = 0;
				GCC_PREPROCESSOR_DEFINITIONS = (
					"DEBUG=1",
					"$(inherited)",
				);
				GCC_WARN_64_TO_32_BIT_CONVERSION = YES;
				GCC_WARN_ABOUT_RETURN_TYPE = YES_ERROR;
				GCC_WARN_UNDECLARED_SELECTOR = YES;
				GCC_WARN_UNINITIALIZED_AUTOS = YES_AGGRESSIVE;
				GCC_WARN_UNUSED_FUNCTION = YES;
				GCC_WARN_UNUSED_VARIABLE = YES;
				IPHONEOS_DEPLOYMENT_TARGET = 16.1;
				MTL_ENABLE_DEBUG_INFO = INCLUDE_SOURCE;
				MTL_FAST_MATH = YES;
				ONLY_ACTIVE_ARCH = YES;
				SDKROOT = iphoneos;
				SWIFT_ACTIVE_COMPILATION_CONDITIONS = DEBUG;
				SWIFT_OPTIMIZATION_LEVEL = "-Onone";
			};
			name = Debug;
		};
		4293F4252ABAF5A00040955A /* Release */ = {
			isa = XCBuildConfiguration;
			buildSettings = {
				ALWAYS_SEARCH_USER_PATHS = NO;
				CLANG_ANALYZER_NONNULL = YES;
				CLANG_ANALYZER_NUMBER_OBJECT_CONVERSION = YES_AGGRESSIVE;
				CLANG_CXX_LANGUAGE_STANDARD = "gnu++20";
				CLANG_ENABLE_MODULES = YES;
				CLANG_ENABLE_OBJC_ARC = YES;
				CLANG_ENABLE_OBJC_WEAK = YES;
				CLANG_WARN_BLOCK_CAPTURE_AUTORELEASING = YES;
				CLANG_WARN_BOOL_CONVERSION = YES;
				CLANG_WARN_COMMA = YES;
				CLANG_WARN_CONSTANT_CONVERSION = YES;
				CLANG_WARN_DEPRECATED_OBJC_IMPLEMENTATIONS = YES;
				CLANG_WARN_DIRECT_OBJC_ISA_USAGE = YES_ERROR;
				CLANG_WARN_DOCUMENTATION_COMMENTS = YES;
				CLANG_WARN_EMPTY_BODY = YES;
				CLANG_WARN_ENUM_CONVERSION = YES;
				CLANG_WARN_INFINITE_RECURSION = YES;
				CLANG_WARN_INT_CONVERSION = YES;
				CLANG_WARN_NON_LITERAL_NULL_CONVERSION = YES;
				CLANG_WARN_OBJC_IMPLICIT_RETAIN_SELF = YES;
				CLANG_WARN_OBJC_LITERAL_CONVERSION = YES;
				CLANG_WARN_OBJC_ROOT_CLASS = YES_ERROR;
				CLANG_WARN_QUOTED_INCLUDE_IN_FRAMEWORK_HEADER = YES;
				CLANG_WARN_RANGE_LOOP_ANALYSIS = YES;
				CLANG_WARN_STRICT_PROTOTYPES = YES;
				CLANG_WARN_SUSPICIOUS_MOVE = YES;
				CLANG_WARN_UNGUARDED_AVAILABILITY = YES_AGGRESSIVE;
				CLANG_WARN_UNREACHABLE_CODE = YES;
				CLANG_WARN__DUPLICATE_METHOD_MATCH = YES;
				COPY_PHASE_STRIP = NO;
				DEBUG_INFORMATION_FORMAT = "dwarf-with-dsym";
				ENABLE_NS_ASSERTIONS = NO;
				ENABLE_STRICT_OBJC_MSGSEND = YES;
				GCC_C_LANGUAGE_STANDARD = gnu11;
				GCC_NO_COMMON_BLOCKS = YES;
				GCC_WARN_64_TO_32_BIT_CONVERSION = YES;
				GCC_WARN_ABOUT_RETURN_TYPE = YES_ERROR;
				GCC_WARN_UNDECLARED_SELECTOR = YES;
				GCC_WARN_UNINITIALIZED_AUTOS = YES_AGGRESSIVE;
				GCC_WARN_UNUSED_FUNCTION = YES;
				GCC_WARN_UNUSED_VARIABLE = YES;
				IPHONEOS_DEPLOYMENT_TARGET = 16.1;
				MTL_ENABLE_DEBUG_INFO = NO;
				MTL_FAST_MATH = YES;
				SDKROOT = iphoneos;
				SWIFT_COMPILATION_MODE = wholemodule;
				SWIFT_OPTIMIZATION_LEVEL = "-O";
				VALIDATE_PRODUCT = YES;
			};
			name = Release;
		};
		4293F4272ABAF5A00040955A /* Debug */ = {
			isa = XCBuildConfiguration;
			buildSettings = {
				ASSETCATALOG_COMPILER_APPICON_NAME = AppIcon;
				ASSETCATALOG_COMPILER_GLOBAL_ACCENT_COLOR_NAME = AccentColor;
				CODE_SIGN_STYLE = Automatic;
				CURRENT_PROJECT_VERSION = 1;
				DEVELOPMENT_ASSET_PATHS = "\"Custom_Swipeto_delete/Preview Content\"";
				DEVELOPMENT_TEAM = 87NW43K2L2;
				ENABLE_PREVIEWS = YES;
				GENERATE_INFOPLIST_FILE = YES;
				INFOPLIST_KEY_UIApplicationSceneManifest_Generation = YES;
				INFOPLIST_KEY_UIApplicationSupportsIndirectInputEvents = YES;
				INFOPLIST_KEY_UILaunchScreen_Generation = YES;
				INFOPLIST_KEY_UISupportedInterfaceOrientations_iPad = "UIInterfaceOrientationPortrait UIInterfaceOrientationPortraitUpsideDown UIInterfaceOrientationLandscapeLeft UIInterfaceOrientationLandscapeRight";
				INFOPLIST_KEY_UISupportedInterfaceOrientations_iPhone = "UIInterfaceOrientationPortrait UIInterfaceOrientationLandscapeLeft UIInterfaceOrientationLandscapeRight";
				IPHONEOS_DEPLOYMENT_TARGET = 14.0;
				LD_RUNPATH_SEARCH_PATHS = (
					"$(inherited)",
					"@executable_path/Frameworks",
				);
				MARKETING_VERSION = 1.0;
				PRODUCT_BUNDLE_IDENTIFIER = "comvigneshzx.Custom-Swipeto-delete";
				PRODUCT_NAME = "$(TARGET_NAME)";
				SWIFT_EMIT_LOC_STRINGS = YES;
				SWIFT_VERSION = 5.0;
				TARGETED_DEVICE_FAMILY = "1,2";
			};
			name = Debug;
		};
		4293F4282ABAF5A00040955A /* Release */ = {
			isa = XCBuildConfiguration;
			buildSettings = {
				ASSETCATALOG_COMPILER_APPICON_NAME = AppIcon;
				ASSETCATALOG_COMPILER_GLOBAL_ACCENT_COLOR_NAME = AccentColor;
				CODE_SIGN_STYLE = Automatic;
				CURRENT_PROJECT_VERSION = 1;
				DEVELOPMENT_ASSET_PATHS = "\"Custom_Swipeto_delete/Preview Content\"";
				DEVELOPMENT_TEAM = 87NW43K2L2;
				ENABLE_PREVIEWS = YES;
				GENERATE_INFOPLIST_FILE = YES;
				INFOPLIST_KEY_UIApplicationSceneManifest_Generation = YES;
				INFOPLIST_KEY_UIApplicationSupportsIndirectInputEvents = YES;
				INFOPLIST_KEY_UILaunchScreen_Generation = YES;
				INFOPLIST_KEY_UISupportedInterfaceOrientations_iPad = "UIInterfaceOrientationPortrait UIInterfaceOrientationPortraitUpsideDown UIInterfaceOrientationLandscapeLeft UIInterfaceOrientationLandscapeRight";
				INFOPLIST_KEY_UISupportedInterfaceOrientations_iPhone = "UIInterfaceOrientationPortrait UIInterfaceOrientationLandscapeLeft UIInterfaceOrientationLandscapeRight";
				IPHONEOS_DEPLOYMENT_TARGET = 14.0;
				LD_RUNPATH_SEARCH_PATHS = (
					"$(inherited)",
					"@executable_path/Frameworks",
				);
				MARKETING_VERSION = 1.0;
				PRODUCT_BUNDLE_IDENTIFIER = "comvigneshzx.Custom-Swipeto-delete";
				PRODUCT_NAME = "$(TARGET_NAME)";
				SWIFT_EMIT_LOC_STRINGS = YES;
				SWIFT_VERSION = 5.0;
				TARGETED_DEVICE_FAMILY = "1,2";
			};
			name = Release;
		};
/* End XCBuildConfiguration section */

/* Begin XCConfigurationList section */
		4293F4132ABAF59F0040955A /* Build configuration list for PBXProject "Custom_Swipeto_delete" */ = {
			isa = XCConfigurationList;
			buildConfigurations = (
				4293F4242ABAF5A00040955A /* Debug */,
				4293F4252ABAF5A00040955A /* Release */,
			);
			defaultConfigurationIsVisible = 0;
			defaultConfigurationName = Release;
		};
		4293F4262ABAF5A00040955A /* Build configuration list for PBXNativeTarget "Custom_Swipeto_delete" */ = {
			isa = XCConfigurationList;
			buildConfigurations = (
				4293F4272ABAF5A00040955A /* Debug */,
				4293F4282ABAF5A00040955A /* Release */,
			);
			defaultConfigurationIsVisible = 0;
			defaultConfigurationName = Release;
		};
/* End XCConfigurationList section */
	};
	rootObject = 4293F4102ABAF59F0040955A /* Project object */;
}
